
Microsoft Visual Studio Solution File, Format Version 12.00
# Visual Studio Version 17
VisualStudioVersion = 17.14.36705.20
MinimumVisualStudioVersion = 10.0.40219.1
Project("{FAE04EC0-301F-11D3-BF4B-00C04F79EFBC}") = "MercanAi_Web", "MercanAi_Web\MercanAi_Web.csproj", "{795FB6E0-9E72-4718-8DF3-5CACF88AD1EE}"
EndProject
Global
	GlobalSection(SolutionConfigurationPlatforms) = preSolution
		Debug|Any CPU = Debug|Any CPU
		Debug|x64 = Debug|x64
		Release|Any CPU = Release|Any CPU
		Release|x64 = Release|x64
	EndGlobalSection
	GlobalSection(ProjectConfigurationPlatforms) = postSolution
		{795FB6E0-9E72-4718-8DF3-5CACF88AD1EE}.Debug|Any CPU.ActiveCfg = Debug|Any CPU
		{795FB6E0-9E72-4718-8DF3-5CACF88AD1EE}.Debug|Any CPU.Build.0 = Debug|Any CPU
		{795FB6E0-9E72-4718-8DF3-5CACF88AD1EE}.Debug|x64.ActiveCfg = Debug|x64
		{795FB6E0-9E72-4718-8DF3-5CACF88AD1EE}.Debug|x64.Build.0 = Debug|x64
		{795FB6E0-9E72-4718-8DF3-5CACF88AD1EE}.Release|Any CPU.ActiveCfg = Release|Any CPU
		{795FB6E0-9E72-4718-8DF3-5CACF88AD1EE}.Release|Any CPU.Build.0 = Release|Any CPU
		{795FB6E0-9E72-4718-8DF3-5CACF88AD1EE}.Release|x64.ActiveCfg = Release|x64
		{795FB6E0-9E72-4718-8DF3-5CACF88AD1EE}.Release|x64.Build.0 = Release|x64
	EndGlobalSection
	GlobalSection(SolutionProperties) = preSolution
		HideSolutionNode = FALSE
	EndGlobalSection
	GlobalSection(ExtensibilityGlobals) = postSolution
		SolutionGuid = {AB406D47-EC2A-4840-A990-1F6F5610E596}
	EndGlobalSection
EndGlobal
